<?xml version="1.0" encoding="utf-8"?>
<Project ToolsVersion="4.0" xmlns="http://schemas.microsoft.com/developer/msbuild/2003">
  <ItemGroup>
    <Filter Include="Source Files">
      <UniqueIdentifier>{4FC737F1-C7A5-4376-A066-2A32D752A2FF}</UniqueIdentifier>
      <Extensions>cpp;c;cc;cxx;def;odl;idl;hpj;bat;asm;asmx</Extensions>
    </Filter>
    <Filter Include="Header Files">
      <UniqueIdentifier>{93995380-89BD-4b04-88EB-625FBE52EBFB}</UniqueIdentifier>
      <Extensions>h;hh;hpp;hxx;hm;inl;inc;ipp;xsd</Extensions>
    </Filter>
    <Filter Include="Resource Files">
      <UniqueIdentifier>{67DA6AB6-F800-4c08-8B7A-83BB121AAD01}</UniqueIdentifier>
      <Extensions>rc;ico;cur;bmp;dlg;rc2;rct;bin;rgs;gif;jpg;jpeg;jpe;resx;tiff;tif;png;wav;mfcribbon-ms</Extensions>
    </Filter>
    <Filter Include="Docs">
      <UniqueIdentifier>{7f0c5c75-4820-4a70-a6cc-c806b6163cc2}</UniqueIdentifier>
    </Filter>
  </ItemGroup>
  <ItemGroup>
    <ClCompile Include="OptimizingEquirectangularConversion.cpp">
      <Filter>Source Files</Filter>
    </ClCompile>
    <ClCompile Include="ParseArgs.cpp">
      <Filter>Source Files</Filter>
    </ClCompile>
    <ClCompile Include="BaseAlgorithm.cpp">
      <Filter>Source Files</Filter>
    </ClCompile>
    <ClCompile Include="SerialRemappingV1a.cpp">
      <Filter>Source Files</Filter>
    </ClCompile>
    <ClCompile Include="TimingStats.cpp">
      <Filter>Source Files</Filter>
    </ClCompile>
    <ClCompile Include="DpcppRemapping.cpp">
      <Filter>Source Files</Filter>
    </ClCompile>
    <ClCompile Include="ConfigurableDeviceSelector.cpp">
      <Filter>Source Files</Filter>
    </ClCompile>
    <ClCompile Include="DpcppBaseAlgorithm.cpp">
      <Filter>Source Files</Filter>
    </ClCompile>
    <ClCompile Include="DpcppRemappingV2.cpp">
      <Filter>Source Files</Filter>
    </ClCompile>
    <ClCompile Include="SerialRemappingV2.cpp">
      <Filter>Source Files</Filter>
    </ClCompile>
    <ClCompile Include="DpcppRemappingV3.cpp">
      <Filter>Source Files</Filter>
    </ClCompile>
    <ClCompile Include="Equi2Rect.cpp">
      <Filter>Source Files</Filter>
    </ClCompile>
    <ClCompile Include="DpcppRemappingV4.cpp">
      <Filter>Source Files</Filter>
    </ClCompile>
    <ClCompile Include="DpcppRemappingV5.cpp">
      <Filter>Source Files</Filter>
    </ClCompile>
    <ClCompile Include="DpcppRemappingV6.cpp">
      <Filter>Source Files</Filter>
    </ClCompile>
    <ClCompile Include="DpcppRemappingV7.cpp">
      <Filter>Source Files</Filter>
    </ClCompile>
    <ClCompile Include="SerialRemappingV1b.cpp">
      <Filter>Source Files</Filter>
    </ClCompile>
    <ClCompile Include="SerialRemappingV1c.cpp">
      <Filter>Source Files</Filter>
    </ClCompile>
    <ClCompile Include="DpcppRemappingV8.cpp">
      <Filter>Source Files</Filter>
    </ClCompile>
    <ClCompile Include="DpcppRemappingV9.cpp">
      <Filter>Source Files</Filter>
    </ClCompile>
    <ClCompile Include="DpcppRemappingV10.cpp">
      <Filter>Source Files</Filter>
    </ClCompile>
    <ClCompile Include="DpcppRemappingV11.cpp">
      <Filter>Source Files</Filter>
    </ClCompile>
    <ClCompile Include="DpcppRemappingV12.cpp">
      <Filter>Source Files</Filter>
    </ClCompile>
    <ClCompile Include="DpcppRemappingV13.cpp">
      <Filter>Source Files</Filter>
    </ClCompile>
    <ClCompile Include="DpcppRemappingV14.cpp">
      <Filter>Source Files</Filter>
    </ClCompile>
    <ClCompile Include="DpcppRemappingV15.cpp">
      <Filter>Source Files</Filter>
    </ClCompile>
  </ItemGroup>
  <ItemGroup>
    <ClInclude Include="ParseArgs.hpp">
      <Filter>Header Files</Filter>
    </ClInclude>
    <ClInclude Include="SoAPoints3D.hpp">
      <Filter>Header Files</Filter>
    </ClInclude>
    <ClInclude Include="BaseAlgorithm.hpp">
      <Filter>Header Files</Filter>
    </ClInclude>
    <ClInclude Include="Point3D.hpp">
      <Filter>Header Files</Filter>
    </ClInclude>
    <ClInclude Include="SerialRemappingV1a.hpp">
      <Filter>Header Files</Filter>
    </ClInclude>
    <ClInclude Include="OptimizingEquirectangularConversion.h">
      <Filter>Header Files</Filter>
    </ClInclude>
    <ClInclude Include="TimingStats.hpp">
      <Filter>Header Files</Filter>
    </ClInclude>
    <ClInclude Include="DpcppRemapping.hpp">
      <Filter>Header Files</Filter>
    </ClInclude>
    <ClInclude Include="Point2D.hpp">
      <Filter>Header Files</Filter>
    </ClInclude>
    <ClInclude Include="ConfigurableDeviceSelector.hpp">
      <Filter>Header Files</Filter>
    </ClInclude>
    <ClInclude Include="DpcppBaseAlgorithm.hpp">
      <Filter>Header Files</Filter>
    </ClInclude>
    <ClInclude Include="DpcppRemappingV2.hpp">
      <Filter>Header Files</Filter>
    </ClInclude>
    <ClInclude Include="SerialRemappingV2.hpp">
      <Filter>Header Files</Filter>
    </ClInclude>
    <ClInclude Include="DpcppRemappingV3.hpp">
      <Filter>Header Files</Filter>
    </ClInclude>
    <ClInclude Include="Equi2Rect.hpp">
      <Filter>Header Files</Filter>
    </ClInclude>
    <ClInclude Include="DpcppRemappingV4.hpp">
      <Filter>Header Files</Filter>
    </ClInclude>
    <ClInclude Include="DpcppRemappingV5.hpp">
      <Filter>Header Files</Filter>
    </ClInclude>
    <ClInclude Include="DpcppRemappingV6.hpp">
      <Filter>Header Files</Filter>
    </ClInclude>
    <ClInclude Include="DpcppRemappingV7.hpp">
      <Filter>Header Files</Filter>
    </ClInclude>
    <ClInclude Include="SerialRemappingV1b.hpp">
      <Filter>Header Files</Filter>
    </ClInclude>
    <ClInclude Include="SerialRemappingV1c.hpp">
      <Filter>Header Files</Filter>
    </ClInclude>
    <ClInclude Include="DpcppRemappingV8.hpp">
      <Filter>Header Files</Filter>
    </ClInclude>
    <ClInclude Include="DpcppRemappingV9.hpp">
      <Filter>Header Files</Filter>
    </ClInclude>
    <ClInclude Include="DpcppRemappingV10.hpp">
      <Filter>Header Files</Filter>
    </ClInclude>
    <ClInclude Include="DpcppRemappingV11.hpp">
      <Filter>Header Files</Filter>
    </ClInclude>
    <ClInclude Include="DpcppRemappingV12.hpp">
      <Filter>Header Files</Filter>
    </ClInclude>
    <ClInclude Include="DpcppRemappingV13.hpp">
      <Filter>Header Files</Filter>
    </ClInclude>
    <ClInclude Include="DpcppRemappingV14.hpp">
      <Filter>Header Files</Filter>
    </ClInclude>
    <ClInclude Include="DpcppRemappingV15.hpp">
      <Filter>Header Files</Filter>
    </ClInclude>
  </ItemGroup>
  <ItemGroup>
    <Text Include="CmdLineExamples.txt">
      <Filter>Docs</Filter>
    </Text>
    <Text Include="InteractiveKeys.txt">
      <Filter>Docs</Filter>
    </Text>
  </ItemGroup>
</Project>